
Microsoft Visual Studio Solution File, Format Version 12.00
# Visual Studio Version 16
VisualStudioVersion = 16.0.32901.82
MinimumVisualStudioVersion = 10.0.40219.1
Project("{D2ABAB84-BF74-430A-B69E-9DC6D40DDA17}") = "Max_MinSales_SI_2_AulasTP", "Max_MinSales_SI_2_AulasTP.dwproj", "{3D487408-FA26-426B-AB90-9AD1412BE4CF}"
EndProject
Global
	GlobalSection(SolutionConfigurationPlatforms) = preSolution
		Development|Default = Development|Default
	EndGlobalSection
	GlobalSection(ProjectConfigurationPlatforms) = postSolution
		{3D487408-FA26-426B-AB90-9AD1412BE4CF}.Development|Default.ActiveCfg = Development
		{3D487408-FA26-426B-AB90-9AD1412BE4CF}.Development|Default.Build.0 = Development
		{3D487408-FA26-426B-AB90-9AD1412BE4CF}.Development|Default.Deploy.0 = Development
	EndGlobalSection
	GlobalSection(SolutionProperties) = preSolution
		HideSolutionNode = FALSE
	EndGlobalSection
	GlobalSection(ExtensibilityGlobals) = postSolution
		SolutionGuid = {4CB30734-F0E6-4AB4-A248-9D53F02233A8}
	EndGlobalSection
EndGlobal
